// !$*UTF8*$!
{
	archiveVersion = 1;
	classes = {
	};
	objectVersion = 46;
	objects = {

/* Begin PBXBuildFile section */
		1F3DE45E18C27BCA00E9915E /* MVFollow.m in Sources */ = {isa = PBXBuildFile; fileRef = 1F3DE45D18C27BCA00E9915E /* MVFollow.m */; };
		1F7A930618C15D3800D2F128 /* Foundation.framework in Frameworks */ = {isa = PBXBuildFile; fileRef = 1F7A930518C15D3700D2F128 /* Foundation.framework */; };
		1F7A930818C15D3800D2F128 /* CoreGraphics.framework in Frameworks */ = {isa = PBXBuildFile; fileRef = 1F7A930718C15D3800D2F128 /* CoreGraphics.framework */; };
		1F7A930A18C15D3800D2F128 /* UIKit.framework in Frameworks */ = {isa = PBXBuildFile; fileRef = 1F7A930918C15D3800D2F128 /* UIKit.framework */; };
		1F7A931018C15D3800D2F128 /* InfoPlist.strings in Resources */ = {isa = PBXBuildFile; fileRef = 1F7A930E18C15D3800D2F128 /* InfoPlist.strings */; };
		1F7A931218C15D3800D2F128 /* main.m in Sources */ = {isa = PBXBuildFile; fileRef = 1F7A931118C15D3800D2F128 /* main.m */; };
		1F7A931618C15D3800D2F128 /* AppDelegate.m in Sources */ = {isa = PBXBuildFile; fileRef = 1F7A931518C15D3800D2F128 /* AppDelegate.m */; };
		1F7A931918C15D3800D2F128 /* Main.storyboard in Resources */ = {isa = PBXBuildFile; fileRef = 1F7A931718C15D3800D2F128 /* Main.storyboard */; };
		1F7A931C18C15D3800D2F128 /* ViewController.m in Sources */ = {isa = PBXBuildFile; fileRef = 1F7A931B18C15D3800D2F128 /* ViewController.m */; };
		1F7A931E18C15D3800D2F128 /* Images.xcassets in Resources */ = {isa = PBXBuildFile; fileRef = 1F7A931D18C15D3800D2F128 /* Images.xcassets */; };
		1F7A932518C15D3800D2F128 /* XCTest.framework in Frameworks */ = {isa = PBXBuildFile; fileRef = 1F7A932418C15D3800D2F128 /* XCTest.framework */; };
		1F7A932618C15D3800D2F128 /* Foundation.framework in Frameworks */ = {isa = PBXBuildFile; fileRef = 1F7A930518C15D3700D2F128 /* Foundation.framework */; };
		1F7A932718C15D3800D2F128 /* UIKit.framework in Frameworks */ = {isa = PBXBuildFile; fileRef = 1F7A930918C15D3800D2F128 /* UIKit.framework */; };
		1F7A932F18C15D3800D2F128 /* InfoPlist.strings in Resources */ = {isa = PBXBuildFile; fileRef = 1F7A932D18C15D3800D2F128 /* InfoPlist.strings */; };
		1F7A933118C15D3800D2F128 /* ExampleTests.m in Sources */ = {isa = PBXBuildFile; fileRef = 1F7A933018C15D3800D2F128 /* ExampleTests.m */; };
		1F7A933B18C15D4100D2F128 /* Social.framework in Frameworks */ = {isa = PBXBuildFile; fileRef = 1F7A933A18C15D4100D2F128 /* Social.framework */; };
		1F7A933D18C15D4700D2F128 /* Accounts.framework in Frameworks */ = {isa = PBXBuildFile; fileRef = 1F7A933C18C15D4700D2F128 /* Accounts.framework */; };
/* End PBXBuildFile section */

/* Begin PBXContainerItemProxy section */
		1F7A932818C15D3800D2F128 /* PBXContainerItemProxy */ = {
			isa = PBXContainerItemProxy;
			containerPortal = 1F7A92FA18C15D3700D2F128 /* Project object */;
			proxyType = 1;
			remoteGlobalIDString = 1F7A930118C15D3700D2F128;
			remoteInfo = Example;
		};
/* End PBXContainerItemProxy section */

/* Begin PBXFileReference section */
		1F3DE45C18C27BCA00E9915E /* MVFollow.h */ = {isa = PBXFileReference; fileEncoding = 4; lastKnownFileType = sourcecode.c.h; name = MVFollow.h; path = ../../MVFollow/MVFollow.h; sourceTree = "<group>"; };
		1F3DE45D18C27BCA00E9915E /* MVFollow.m */ = {isa = PBXFileReference; fileEncoding = 4; lastKnownFileType = sourcecode.c.objc; name = MVFollow.m; path = ../../MVFollow/MVFollow.m; sourceTree = "<group>"; };
		1F7A930218C15D3700D2F128 /* Example.app */ = {isa = PBXFileReference; explicitFileType = wrapper.application; includeInIndex = 0; path = Example.app; sourceTree = BUILT_PRODUCTS_DIR; };
		1F7A930518C15D3700D2F128 /* Foundation.framework */ = {isa = PBXFileReference; lastKnownFileType = wrapper.framework; name = Foundation.framework; path = System/Library/Frameworks/Foundation.framework; sourceTree = SDKROOT; };
		1F7A930718C15D3800D2F128 /* CoreGraphics.framework */ = {isa = PBXFileReference; lastKnownFileType = wrapper.framework; name = CoreGraphics.framework; path = System/Library/Frameworks/CoreGraphics.framework; sourceTree = SDKROOT; };
		1F7A930918C15D3800D2F128 /* UIKit.framework */ = {isa = PBXFileReference; lastKnownFileType = wrapper.framework; name = UIKit.framework; path = System/Library/Frameworks/UIKit.framework; sourceTree = SDKROOT; };
		1F7A930D18C15D3800D2F128 /* Example-Info.plist */ = {isa = PBXFileReference; lastKnownFileType = text.plist.xml; path = "Example-Info.plist"; sourceTree = "<group>"; };
		1F7A930F18C15D3800D2F128 /* en */ = {isa = PBXFileReference; lastKnownFileType = text.plist.strings; name = en; path = en.lproj/InfoPlist.strings; sourceTree = "<group>"; };
		1F7A931118C15D3800D2F128 /* main.m */ = {isa = PBXFileReference; lastKnownFileType = sourcecode.c.objc; path = main.m; sourceTree = "<group>"; };
		1F7A931318C15D3800D2F128 /* Example-Prefix.pch */ = {isa = PBXFileReference; lastKnownFileType = sourcecode.c.h; path = "Example-Prefix.pch"; sourceTree = "<group>"; };
		1F7A931418C15D3800D2F128 /* AppDelegate.h */ = {isa = PBXFileReference; lastKnownFileType = sourcecode.c.h; path = AppDelegate.h; sourceTree = "<group>"; };
		1F7A931518C15D3800D2F128 /* AppDelegate.m */ = {isa = PBXFileReference; lastKnownFileType = sourcecode.c.objc; path = AppDelegate.m; sourceTree = "<group>"; };
		1F7A931818C15D3800D2F128 /* Base */ = {isa = PBXFileReference; lastKnownFileType = file.storyboard; name = Base; path = Base.lproj/Main.storyboard; sourceTree = "<group>"; };
		1F7A931A18C15D3800D2F128 /* ViewController.h */ = {isa = PBXFileReference; lastKnownFileType = sourcecode.c.h; path = ViewController.h; sourceTree = "<group>"; };
		1F7A931B18C15D3800D2F128 /* ViewController.m */ = {isa = PBXFileReference; lastKnownFileType = sourcecode.c.objc; path = ViewController.m; sourceTree = "<group>"; };
		1F7A931D18C15D3800D2F128 /* Images.xcassets */ = {isa = PBXFileReference; lastKnownFileType = folder.assetcatalog; path = Images.xcassets; sourceTree = "<group>"; };
		1F7A932318C15D3800D2F128 /* ExampleTests.xctest */ = {isa = PBXFileReference; explicitFileType = wrapper.cfbundle; includeInIndex = 0; path = ExampleTests.xctest; sourceTree = BUILT_PRODUCTS_DIR; };
		1F7A932418C15D3800D2F128 /* XCTest.framework */ = {isa = PBXFileReference; lastKnownFileType = wrapper.framework; name = XCTest.framework; path = Library/Frameworks/XCTest.framework; sourceTree = DEVELOPER_DIR; };
		1F7A932C18C15D3800D2F128 /* ExampleTests-Info.plist */ = {isa = PBXFileReference; lastKnownFileType = text.plist.xml; path = "ExampleTests-Info.plist"; sourceTree = "<group>"; };
		1F7A932E18C15D3800D2F128 /* en */ = {isa = PBXFileReference; lastKnownFileType = text.plist.strings; name = en; path = en.lproj/InfoPlist.strings; sourceTree = "<group>"; };
		1F7A933018C15D3800D2F128 /* ExampleTests.m */ = {isa = PBXFileReference; lastKnownFileType = sourcecode.c.objc; path = ExampleTests.m; sourceTree = "<group>"; };
		1F7A933A18C15D4100D2F128 /* Social.framework */ = {isa = PBXFileReference; lastKnownFileType = wrapper.framework; name = Social.framework; path = System/Library/Frameworks/Social.framework; sourceTree = SDKROOT; };
		1F7A933C18C15D4700D2F128 /* Accounts.framework */ = {isa = PBXFileReference; lastKnownFileType = wrapper.framework; name = Accounts.framework; path = System/Library/Frameworks/Accounts.framework; sourceTree = SDKROOT; };
/* End PBXFileReference section */

/* Begin PBXFrameworksBuildPhase section */
		1F7A92FF18C15D3700D2F128 /* Frameworks */ = {
			isa = PBXFrameworksBuildPhase;
			buildActionMask = 2147483647;
			files = (
				1F7A933D18C15D4700D2F128 /* Accounts.framework in Frameworks */,
				1F7A933B18C15D4100D2F128 /* Social.framework in Frameworks */,
				1F7A930818C15D3800D2F128 /* CoreGraphics.framework in Frameworks */,
				1F7A930A18C15D3800D2F128 /* UIKit.framework in Frameworks */,
				1F7A930618C15D3800D2F128 /* Foundation.framework in Frameworks */,
			);
			runOnlyForDeploymentPostprocessing = 0;
		};
		1F7A932018C15D3800D2F128 /* Frameworks */ = {
			isa = PBXFrameworksBuildPhase;
			buildActionMask = 2147483647;
			files = (
				1F7A932518C15D3800D2F128 /* XCTest.framework in Frameworks */,
				1F7A932718C15D3800D2F128 /* UIKit.framework in Frameworks */,
				1F7A932618C15D3800D2F128 /* Foundation.framework in Frameworks */,
			);
			runOnlyForDeploymentPostprocessing = 0;
		};
/* End PBXFrameworksBuildPhase section */

/* Begin PBXGroup section */
		1F7A92F918C15D3700D2F128 = {
			isa = PBXGroup;
			children = (
				1F7A930B18C15D3800D2F128 /* Example */,
				1F7A932A18C15D3800D2F128 /* ExampleTests */,
				1F7A930418C15D3700D2F128 /* Frameworks */,
				1F7A930318C15D3700D2F128 /* Products */,
			);
			sourceTree = "<group>";
		};
		1F7A930318C15D3700D2F128 /* Products */ = {
			isa = PBXGroup;
			children = (
				1F7A930218C15D3700D2F128 /* Example.app */,
				1F7A932318C15D3800D2F128 /* ExampleTests.xctest */,
			);
			name = Products;
			sourceTree = "<group>";
		};
		1F7A930418C15D3700D2F128 /* Frameworks */ = {
			isa = PBXGroup;
			children = (
				1F7A933C18C15D4700D2F128 /* Accounts.framework */,
				1F7A933A18C15D4100D2F128 /* Social.framework */,
				1F7A930518C15D3700D2F128 /* Foundation.framework */,
				1F7A930718C15D3800D2F128 /* CoreGraphics.framework */,
				1F7A930918C15D3800D2F128 /* UIKit.framework */,
				1F7A932418C15D3800D2F128 /* XCTest.framework */,
			);
			name = Frameworks;
			sourceTree = "<group>";
		};
		1F7A930B18C15D3800D2F128 /* Example */ = {
			isa = PBXGroup;
			children = (
				1F7A931418C15D3800D2F128 /* AppDelegate.h */,
				1F7A931518C15D3800D2F128 /* AppDelegate.m */,
				1F7A933E18C15D4A00D2F128 /* UI */,
				1F7A933F18C15D5E00D2F128 /* MVFollow */,
				1F7A930C18C15D3800D2F128 /* Supporting Files */,
			);
			path = Example;
			sourceTree = "<group>";
		};
		1F7A930C18C15D3800D2F128 /* Supporting Files */ = {
			isa = PBXGroup;
			children = (
				1F7A931D18C15D3800D2F128 /* Images.xcassets */,
				1F7A930D18C15D3800D2F128 /* Example-Info.plist */,
				1F7A930E18C15D3800D2F128 /* InfoPlist.strings */,
				1F7A931118C15D3800D2F128 /* main.m */,
				1F7A931318C15D3800D2F128 /* Example-Prefix.pch */,
			);
			name = "Supporting Files";
			sourceTree = "<group>";
		};
		1F7A932A18C15D3800D2F128 /* ExampleTests */ = {
			isa = PBXGroup;
			children = (
				1F7A933018C15D3800D2F128 /* ExampleTests.m */,
				1F7A932B18C15D3800D2F128 /* Supporting Files */,
			);
			path = ExampleTests;
			sourceTree = "<group>";
		};
		1F7A932B18C15D3800D2F128 /* Supporting Files */ = {
			isa = PBXGroup;
			children = (
				1F7A932C18C15D3800D2F128 /* ExampleTests-Info.plist */,
				1F7A932D18C15D3800D2F128 /* InfoPlist.strings */,
			);
			name = "Supporting Files";
			sourceTree = "<group>";
		};
		1F7A933E18C15D4A00D2F128 /* UI */ = {
			isa = PBXGroup;
			children = (
				1F7A931718C15D3800D2F128 /* Main.storyboard */,
				1F7A931A18C15D3800D2F128 /* ViewController.h */,
				1F7A931B18C15D3800D2F128 /* ViewController.m */,
			);
			name = UI;
			sourceTree = "<group>";
		};
		1F7A933F18C15D5E00D2F128 /* MVFollow */ = {
			isa = PBXGroup;
			children = (
				1F3DE45C18C27BCA00E9915E /* MVFollow.h */,
				1F3DE45D18C27BCA00E9915E /* MVFollow.m */,
			);
			name = MVFollow;
			sourceTree = "<group>";
		};
/* End PBXGroup section */

/* Begin PBXNativeTarget section */
		1F7A930118C15D3700D2F128 /* Example */ = {
			isa = PBXNativeTarget;
			buildConfigurationList = 1F7A933418C15D3800D2F128 /* Build configuration list for PBXNativeTarget "Example" */;
			buildPhases = (
				1F7A92FE18C15D3700D2F128 /* Sources */,
				1F7A92FF18C15D3700D2F128 /* Frameworks */,
				1F7A930018C15D3700D2F128 /* Resources */,
			);
			buildRules = (
			);
			dependencies = (
			);
			name = Example;
			productName = Example;
			productReference = 1F7A930218C15D3700D2F128 /* Example.app */;
			productType = "com.apple.product-type.application";
		};
		1F7A932218C15D3800D2F128 /* ExampleTests */ = {
			isa = PBXNativeTarget;
			buildConfigurationList = 1F7A933718C15D3800D2F128 /* Build configuration list for PBXNativeTarget "ExampleTests" */;
			buildPhases = (
				1F7A931F18C15D3800D2F128 /* Sources */,
				1F7A932018C15D3800D2F128 /* Frameworks */,
				1F7A932118C15D3800D2F128 /* Resources */,
			);
			buildRules = (
			);
			dependencies = (
				1F7A932918C15D3800D2F128 /* PBXTargetDependency */,
			);
			name = ExampleTests;
			productName = ExampleTests;
			productReference = 1F7A932318C15D3800D2F128 /* ExampleTests.xctest */;
			productType = "com.apple.product-type.bundle.unit-test";
		};
/* End PBXNativeTarget section */

/* Begin PBXProject section */
		1F7A92FA18C15D3700D2F128 /* Project object */ = {
			isa = PBXProject;
			attributes = {
				LastUpgradeCheck = 0510;
				ORGANIZATIONNAME = "Marcel Voß";
				TargetAttributes = {
					1F7A932218C15D3800D2F128 = {
						TestTargetID = 1F7A930118C15D3700D2F128;
					};
				};
			};
			buildConfigurationList = 1F7A92FD18C15D3700D2F128 /* Build configuration list for PBXProject "Example" */;
			compatibilityVersion = "Xcode 3.2";
			developmentRegion = English;
			hasScannedForEncodings = 0;
			knownRegions = (
				en,
				Base,
			);
			mainGroup = 1F7A92F918C15D3700D2F128;
			productRefGroup = 1F7A930318C15D3700D2F128 /* Products */;
			projectDirPath = "";
			projectRoot = "";
			targets = (
				1F7A930118C15D3700D2F128 /* Example */,
				1F7A932218C15D3800D2F128 /* ExampleTests */,
			);
		};
/* End PBXProject section */

/* Begin PBXResourcesBuildPhase section */
		1F7A930018C15D3700D2F128 /* Resources */ = {
			isa = PBXResourcesBuildPhase;
			buildActionMask = 2147483647;
			files = (
				1F7A931E18C15D3800D2F128 /* Images.xcassets in Resources */,
				1F7A931018C15D3800D2F128 /* InfoPlist.strings in Resources */,
				1F7A931918C15D3800D2F128 /* Main.storyboard in Resources */,
			);
			runOnlyForDeploymentPostprocessing = 0;
		};
		1F7A932118C15D3800D2F128 /* Resources */ = {
			isa = PBXResourcesBuildPhase;
			buildActionMask = 2147483647;
			files = (
				1F7A932F18C15D3800D2F128 /* InfoPlist.strings in Resources */,
			);
			runOnlyForDeploymentPostprocessing = 0;
		};
/* End PBXResourcesBuildPhase section */

/* Begin PBXSourcesBuildPhase section */
		1F7A92FE18C15D3700D2F128 /* Sources */ = {
			isa = PBXSourcesBuildPhase;
			buildActionMask = 2147483647;
			files = (
				1F7A931C18C15D3800D2F128 /* ViewController.m in Sources */,
				1F7A931618C15D3800D2F128 /* AppDelegate.m in Sources */,
				1F3DE45E18C27BCA00E9915E /* MVFollow.m in Sources */,
				1F7A931218C15D3800D2F128 /* main.m in Sources */,
			);
			runOnlyForDeploymentPostprocessing = 0;
		};
		1F7A931F18C15D3800D2F128 /* Sources */ = {
			isa = PBXSourcesBuildPhase;
			buildActionMask = 2147483647;
			files = (
				1F7A933118C15D3800D2F128 /* ExampleTests.m in Sources */,
			);
			runOnlyForDeploymentPostprocessing = 0;
		};
/* End PBXSourcesBuildPhase section */

/* Begin PBXTargetDependency section */
		1F7A932918C15D3800D2F128 /* PBXTargetDependency */ = {
			isa = PBXTargetDependency;
			target = 1F7A930118C15D3700D2F128 /* Example */;
			targetProxy = 1F7A932818C15D3800D2F128 /* PBXContainerItemProxy */;
		};
/* End PBXTargetDependency section */

/* Begin PBXVariantGroup section */
		1F7A930E18C15D3800D2F128 /* InfoPlist.strings */ = {
			isa = PBXVariantGroup;
			children = (
				1F7A930F18C15D3800D2F128 /* en */,
			);
			name = InfoPlist.strings;
			sourceTree = "<group>";
		};
		1F7A931718C15D3800D2F128 /* Main.storyboard */ = {
			isa = PBXVariantGroup;
			children = (
				1F7A931818C15D3800D2F128 /* Base */,
			);
			name = Main.storyboard;
			sourceTree = "<group>";
		};
		1F7A932D18C15D3800D2F128 /* InfoPlist.strings */ = {
			isa = PBXVariantGroup;
			children = (
				1F7A932E18C15D3800D2F128 /* en */,
			);
			name = InfoPlist.strings;
			sourceTree = "<group>";
		};
/* End PBXVariantGroup section */

/* Begin XCBuildConfiguration section */
		1F7A933218C15D3800D2F128 /* Debug */ = {
			isa = XCBuildConfiguration;
			buildSettings = {
				ALWAYS_SEARCH_USER_PATHS = NO;
				CLANG_CXX_LANGUAGE_STANDARD = "gnu++0x";
				CLANG_CXX_LIBRARY = "libc++";
				CLANG_ENABLE_MODULES = YES;
				CLANG_ENABLE_OBJC_ARC = YES;
				CLANG_WARN_BOOL_CONVERSION = YES;
				CLANG_WARN_CONSTANT_CONVERSION = YES;
				CLANG_WARN_DIRECT_OBJC_ISA_USAGE = YES_ERROR;
				CLANG_WARN_EMPTY_BODY = YES;
				CLANG_WARN_ENUM_CONVERSION = YES;
				CLANG_WARN_INT_CONVERSION = YES;
				CLANG_WARN_OBJC_ROOT_CLASS = YES_ERROR;
				CLANG_WARN__DUPLICATE_METHOD_MATCH = YES;
				"CODE_SIGN_IDENTITY[sdk=iphoneos*]" = "iPhone Developer";
				COPY_PHASE_STRIP = NO;
				GCC_C_LANGUAGE_STANDARD = gnu99;
				GCC_DYNAMIC_NO_PIC = NO;
				GCC_OPTIMIZATION_LEVEL = 0;
				GCC_PREPROCESSOR_DEFINITIONS = (
					"DEBUG=1",
					"$(inherited)",
				);
				GCC_SYMBOLS_PRIVATE_EXTERN = NO;
				GCC_WARN_64_TO_32_BIT_CONVERSION = YES;
				GCC_WARN_ABOUT_RETURN_TYPE = YES_ERROR;
				GCC_WARN_UNDECLARED_SELECTOR = YES;
				GCC_WARN_UNINITIALIZED_AUTOS = YES;
				GCC_WARN_UNUSED_FUNCTION = YES;
				GCC_WARN_UNUSED_VARIABLE = YES;
				IPHONEOS_DEPLOYMENT_TARGET = 7.0;
				ONLY_ACTIVE_ARCH = YES;
				SDKROOT = iphoneos;
			};
			name = Debug;
		};
		1F7A933318C15D3800D2F128 /* Release */ = {
			isa = XCBuildConfiguration;
			buildSettings = {
				ALWAYS_SEARCH_USER_PATHS = NO;
				CLANG_CXX_LANGUAGE_STANDARD = "gnu++0x";
				CLANG_CXX_LIBRARY = "libc++";
				CLANG_ENABLE_MODULES = YES;
				CLANG_ENABLE_OBJC_ARC = YES;
				CLANG_WARN_BOOL_CONVERSION = YES;
				CLANG_WARN_CONSTANT_CONVERSION = YES;
				CLANG_WARN_DIRECT_OBJC_ISA_USAGE = YES_ERROR;
				CLANG_WARN_EMPTY_BODY = YES;
				CLANG_WARN_ENUM_CONVERSION = YES;
				CLANG_WARN_INT_CONVERSION = YES;
				CLANG_WARN_OBJC_ROOT_CLASS = YES_ERROR;
				CLANG_WARN__DUPLICATE_METHOD_MATCH = YES;
				"CODE_SIGN_IDENTITY[sdk=iphoneos*]" = "iPhone Developer";
				COPY_PHASE_STRIP = YES;
				ENABLE_NS_ASSERTIONS = NO;
				GCC_C_LANGUAGE_STANDARD = gnu99;
				GCC_WARN_64_TO_32_BIT_CONVERSION = YES;
				GCC_WARN_ABOUT_RETURN_TYPE = YES_ERROR;
				GCC_WARN_UNDECLARED_SELECTOR = YES;
				GCC_WARN_UNINITIALIZED_AUTOS = YES;
				GCC_WARN_UNUSED_FUNCTION = YES;
				GCC_WARN_UNUSED_VARIABLE = YES;
				IPHONEOS_DEPLOYMENT_TARGET = 7.0;
				SDKROOT = iphoneos;
				VALIDATE_PRODUCT = YES;
			};
			name = Release;
		};
		1F7A933518C15D3800D2F128 /* Debug */ = {
			isa = XCBuildConfiguration;
			buildSettings = {
				ASSETCATALOG_COMPILER_APPICON_NAME = AppIcon;
				ASSETCATALOG_COMPILER_LAUNCHIMAGE_NAME = LaunchImage;
				GCC_PRECOMPILE_PREFIX_HEADER = YES;
				GCC_PREFIX_HEADER = "Example/Example-Prefix.pch";
				INFOPLIST_FILE = "Example/Example-Info.plist";
				PRODUCT_NAME = "$(TARGET_NAME)";
				WRAPPER_EXTENSION = app;
			};
			name = Debug;
		};
		1F7A933618C15D3800D2F128 /* Release */ = {
			isa = XCBuildConfiguration;
			buildSettings = {
				ASSETCATALOG_COMPILER_APPICON_NAME = AppIcon;
				ASSETCATALOG_COMPILER_LAUNCHIMAGE_NAME = LaunchImage;
				GCC_PRECOMPILE_PREFIX_HEADER = YES;
				GCC_PREFIX_HEADER = "Example/Example-Prefix.pch";
				INFOPLIST_FILE = "Example/Example-Info.plist";
				PRODUCT_NAME = "$(TARGET_NAME)";
				WRAPPER_EXTENSION = app;
			};
			name = Release;
		};
		1F7A933818C15D3800D2F128 /* Debug */ = {
			isa = XCBuildConfiguration;
			buildSettings = {
				BUNDLE_LOADER = "$(BUILT_PRODUCTS_DIR)/Example.app/Example";
				FRAMEWORK_SEARCH_PATHS = (
					"$(SDKROOT)/Developer/Library/Frameworks",
					"$(inherited)",
					"$(DEVELOPER_FRAMEWORKS_DIR)",
				);
				GCC_PRECOMPILE_PREFIX_HEADER = YES;
				GCC_PREFIX_HEADER = "Example/Example-Prefix.pch";
				GCC_PREPROCESSOR_DEFINITIONS = (
					"DEBUG=1",
					"$(inherited)",
				);
				INFOPLIST_FILE = "ExampleTests/ExampleTests-Info.plist";
				PRODUCT_NAME = "$(TARGET_NAME)";
				TEST_HOST = "$(BUNDLE_LOADER)";
				WRAPPER_EXTENSION = xctest;
			};
			name = Debug;
		};
		1F7A933918C15D3800D2F128 /* Release */ = {
			isa = XCBuildConfiguration;
			buildSettings = {
				BUNDLE_LOADER = "$(BUILT_PRODUCTS_DIR)/Example.app/Example";
				FRAMEWORK_SEARCH_PATHS = (
					"$(SDKROOT)/Developer/Library/Frameworks",
					"$(inherited)",
					"$(DEVELOPER_FRAMEWORKS_DIR)",
				);
				GCC_PRECOMPILE_PREFIX_HEADER = YES;
				GCC_PREFIX_HEADER = "Example/Example-Prefix.pch";
				INFOPLIST_FILE = "ExampleTests/ExampleTests-Info.plist";
				PRODUCT_NAME = "$(TARGET_NAME)";
				TEST_HOST = "$(BUNDLE_LOADER)";
				WRAPPER_EXTENSION = xctest;
			};
			name = Release;
		};
/* End XCBuildConfiguration section */

/* Begin XCConfigurationList section */
		1F7A92FD18C15D3700D2F128 /* Build configuration list for PBXProject "Example" */ = {
			isa = XCConfigurationList;
			buildConfigurations = (
				1F7A933218C15D3800D2F128 /* Debug */,
				1F7A933318C15D3800D2F128 /* Release */,
			);
			defaultConfigurationIsVisible = 0;
			defaultConfigurationName = Release;
		};
		1F7A933418C15D3800D2F128 /* Build configuration list for PBXNativeTarget "Example" */ = {
			isa = XCConfigurationList;
			buildConfigurations = (
				1F7A933518C15D3800D2F128 /* Debug */,
				1F7A933618C15D3800D2F128 /* Release */,
			);
			defaultConfigurationIsVisible = 0;
			defaultConfigurationName = Release;
		};
		1F7A933718C15D3800D2F128 /* Build configuration list for PBXNativeTarget "ExampleTests" */ = {
			isa = XCConfigurationList;
			buildConfigurations = (
				1F7A933818C15D3800D2F128 /* Debug */,
				1F7A933918C15D3800D2F128 /* Release */,
			);
			defaultConfigurationIsVisible = 0;
			defaultConfigurationName = Release;
		};
/* End XCConfigurationList section */
	};
	rootObject = 1F7A92FA18C15D3700D2F128 /* Project object */;
}
