// !$*UTF8*$!
{
	archiveVersion = 1;
	classes = {
	};
	objectVersion = 46;
	objects = {

/* Begin PBXBuildFile section */
		1F66F1B61E0037DE007D6546 /* AppDelegate.swift in Sources */ = {isa = PBXBuildFile; fileRef = 1F66F1B51E0037DE007D6546 /* AppDelegate.swift */; };
		1F66F1B81E0037DE007D6546 /* Assets.xcassets in Resources */ = {isa = PBXBuildFile; fileRef = 1F66F1B71E0037DE007D6546 /* Assets.xcassets */; };
		1F66F1BB1E0037DE007D6546 /* LaunchScreen.storyboard in Resources */ = {isa = PBXBuildFile; fileRef = 1F66F1B91E0037DE007D6546 /* LaunchScreen.storyboard */; };
		1F66F1C41E003804007D6546 /* Follow.swift in Sources */ = {isa = PBXBuildFile; fileRef = 1F66F1C31E003804007D6546 /* Follow.swift */; };
		1F66F1C61E003811007D6546 /* TableViewController.swift in Sources */ = {isa = PBXBuildFile; fileRef = 1F66F1C51E003811007D6546 /* TableViewController.swift */; };
/* End PBXBuildFile section */

/* Begin PBXFileReference section */
		1F66F1B21E0037DE007D6546 /* Demo.app */ = {isa = PBXFileReference; explicitFileType = wrapper.application; includeInIndex = 0; path = Demo.app; sourceTree = BUILT_PRODUCTS_DIR; };
		1F66F1B51E0037DE007D6546 /* AppDelegate.swift */ = {isa = PBXFileReference; lastKnownFileType = sourcecode.swift; path = AppDelegate.swift; sourceTree = "<group>"; };
		1F66F1B71E0037DE007D6546 /* Assets.xcassets */ = {isa = PBXFileReference; lastKnownFileType = folder.assetcatalog; path = Assets.xcassets; sourceTree = "<group>"; };
		1F66F1BA1E0037DE007D6546 /* Base */ = {isa = PBXFileReference; lastKnownFileType = file.storyboard; name = Base; path = Base.lproj/LaunchScreen.storyboard; sourceTree = "<group>"; };
		1F66F1BC1E0037DE007D6546 /* Info.plist */ = {isa = PBXFileReference; lastKnownFileType = text.plist.xml; path = Info.plist; sourceTree = "<group>"; };
		1F66F1C31E003804007D6546 /* Follow.swift */ = {isa = PBXFileReference; fileEncoding = 4; lastKnownFileType = sourcecode.swift; name = Follow.swift; path = ../../MVFollow/Follow.swift; sourceTree = "<group>"; };
		1F66F1C51E003811007D6546 /* TableViewController.swift */ = {isa = PBXFileReference; fileEncoding = 4; lastKnownFileType = sourcecode.swift; path = TableViewController.swift; sourceTree = "<group>"; };
/* End PBXFileReference section */

/* Begin PBXFrameworksBuildPhase section */
		1F66F1AF1E0037DD007D6546 /* Frameworks */ = {
			isa = PBXFrameworksBuildPhase;
			buildActionMask = 2147483647;
			files = (
			);
			runOnlyForDeploymentPostprocessing = 0;
		};
/* End PBXFrameworksBuildPhase section */

/* Begin PBXGroup section */
		1F66F1A91E0037DD007D6546 = {
			isa = PBXGroup;
			children = (
				1F66F1B41E0037DE007D6546 /* Demo */,
				1F66F1B31E0037DE007D6546 /* Products */,
			);
			sourceTree = "<group>";
		};
		1F66F1B31E0037DE007D6546 /* Products */ = {
			isa = PBXGroup;
			children = (
				1F66F1B21E0037DE007D6546 /* Demo.app */,
			);
			name = Products;
			sourceTree = "<group>";
		};
		1F66F1B41E0037DE007D6546 /* Demo */ = {
			isa = PBXGroup;
			children = (
				1F66F1B51E0037DE007D6546 /* AppDelegate.swift */,
				1F66F1C81E00381F007D6546 /* View Controllers */,
				1F66F1C71E003814007D6546 /* MVFollow */,
				1F66F1C21E0037E8007D6546 /* Resources */,
			);
			path = Demo;
			sourceTree = "<group>";
		};
		1F66F1C21E0037E8007D6546 /* Resources */ = {
			isa = PBXGroup;
			children = (
				1F66F1B71E0037DE007D6546 /* Assets.xcassets */,
				1F66F1B91E0037DE007D6546 /* LaunchScreen.storyboard */,
				1F66F1BC1E0037DE007D6546 /* Info.plist */,
			);
			name = Resources;
			sourceTree = "<group>";
		};
		1F66F1C71E003814007D6546 /* MVFollow */ = {
			isa = PBXGroup;
			children = (
				1F66F1C31E003804007D6546 /* Follow.swift */,
			);
			name = MVFollow;
			sourceTree = "<group>";
		};
		1F66F1C81E00381F007D6546 /* View Controllers */ = {
			isa = PBXGroup;
			children = (
				1F66F1C51E003811007D6546 /* TableViewController.swift */,
			);
			name = "View Controllers";
			sourceTree = "<group>";
		};
/* End PBXGroup section */

/* Begin PBXNativeTarget section */
		1F66F1B11E0037DD007D6546 /* Demo */ = {
			isa = PBXNativeTarget;
			buildConfigurationList = 1F66F1BF1E0037DE007D6546 /* Build configuration list for PBXNativeTarget "Demo" */;
			buildPhases = (
				1F66F1AE1E0037DD007D6546 /* Sources */,
				1F66F1AF1E0037DD007D6546 /* Frameworks */,
				1F66F1B01E0037DD007D6546 /* Resources */,
			);
			buildRules = (
			);
			dependencies = (
			);
			name = Demo;
			productName = Demo;
			productReference = 1F66F1B21E0037DE007D6546 /* Demo.app */;
			productType = "com.apple.product-type.application";
		};
/* End PBXNativeTarget section */

/* Begin PBXProject section */
		1F66F1AA1E0037DD007D6546 /* Project object */ = {
			isa = PBXProject;
			attributes = {
				LastSwiftUpdateCheck = 0820;
				LastUpgradeCheck = 0820;
				ORGANIZATIONNAME = "Marcel Voss";
				TargetAttributes = {
					1F66F1B11E0037DD007D6546 = {
						CreatedOnToolsVersion = 8.2;
						DevelopmentTeam = 2379EAXEPK;
						ProvisioningStyle = Automatic;
					};
				};
			};
			buildConfigurationList = 1F66F1AD1E0037DD007D6546 /* Build configuration list for PBXProject "Demo" */;
			compatibilityVersion = "Xcode 3.2";
			developmentRegion = English;
			hasScannedForEncodings = 0;
			knownRegions = (
				en,
				Base,
			);
			mainGroup = 1F66F1A91E0037DD007D6546;
			productRefGroup = 1F66F1B31E0037DE007D6546 /* Products */;
			projectDirPath = "";
			projectRoot = "";
			targets = (
				1F66F1B11E0037DD007D6546 /* Demo */,
			);
		};
/* End PBXProject section */

/* Begin PBXResourcesBuildPhase section */
		1F66F1B01E0037DD007D6546 /* Resources */ = {
			isa = PBXResourcesBuildPhase;
			buildActionMask = 2147483647;
			files = (
				1F66F1B81E0037DE007D6546 /* Assets.xcassets in Resources */,
				1F66F1BB1E0037DE007D6546 /* LaunchScreen.storyboard in Resources */,
			);
			runOnlyForDeploymentPostprocessing = 0;
		};
/* End PBXResourcesBuildPhase section */

/* Begin PBXSourcesBuildPhase section */
		1F66F1AE1E0037DD007D6546 /* Sources */ = {
			isa = PBXSourcesBuildPhase;
			buildActionMask = 2147483647;
			files = (
				1F66F1C41E003804007D6546 /* Follow.swift in Sources */,
				1F66F1C61E003811007D6546 /* TableViewController.swift in Sources */,
				1F66F1B61E0037DE007D6546 /* AppDelegate.swift in Sources */,
			);
			runOnlyForDeploymentPostprocessing = 0;
		};
/* End PBXSourcesBuildPhase section */

/* Begin PBXVariantGroup section */
		1F66F1B91E0037DE007D6546 /* LaunchScreen.storyboard */ = {
			isa = PBXVariantGroup;
			children = (
				1F66F1BA1E0037DE007D6546 /* Base */,
			);
			name = LaunchScreen.storyboard;
			sourceTree = "<group>";
		};
/* End PBXVariantGroup section */

/* Begin XCBuildConfiguration section */
		1F66F1BD1E0037DE007D6546 /* Debug */ = {
			isa = XCBuildConfiguration;
			buildSettings = {
				ALWAYS_SEARCH_USER_PATHS = NO;
				CLANG_ANALYZER_NONNULL = YES;
				CLANG_CXX_LANGUAGE_STANDARD = "gnu++0x";
				CLANG_CXX_LIBRARY = "libc++";
				CLANG_ENABLE_MODULES = YES;
				CLANG_ENABLE_OBJC_ARC = YES;
				CLANG_WARN_BOOL_CONVERSION = YES;
				CLANG_WARN_CONSTANT_CONVERSION = YES;
				CLANG_WARN_DIRECT_OBJC_ISA_USAGE = YES_ERROR;
				CLANG_WARN_DOCUMENTATION_COMMENTS = YES;
				CLANG_WARN_EMPTY_BODY = YES;
				CLANG_WARN_ENUM_CONVERSION = YES;
				CLANG_WARN_INFINITE_RECURSION = YES;
				CLANG_WARN_INT_CONVERSION = YES;
				CLANG_WARN_OBJC_ROOT_CLASS = YES_ERROR;
				CLANG_WARN_SUSPICIOUS_MOVE = YES;
				CLANG_WARN_UNREACHABLE_CODE = YES;
				CLANG_WARN__DUPLICATE_METHOD_MATCH = YES;
				"CODE_SIGN_IDENTITY[sdk=iphoneos*]" = "iPhone Developer";
				COPY_PHASE_STRIP = NO;
				DEBUG_INFORMATION_FORMAT = dwarf;
				ENABLE_STRICT_OBJC_MSGSEND = YES;
				ENABLE_TESTABILITY = YES;
				GCC_C_LANGUAGE_STANDARD = gnu99;
				GCC_DYNAMIC_NO_PIC = NO;
				GCC_NO_COMMON_BLOCKS = YES;
				GCC_OPTIMIZATION_LEVEL = 0;
				GCC_PREPROCESSOR_DEFINITIONS = (
					"DEBUG=1",
					"$(inherited)",
				);
				GCC_WARN_64_TO_32_BIT_CONVERSION = YES;
				GCC_WARN_ABOUT_RETURN_TYPE = YES_ERROR;
				GCC_WARN_UNDECLARED_SELECTOR = YES;
				GCC_WARN_UNINITIALIZED_AUTOS = YES_AGGRESSIVE;
				GCC_WARN_UNUSED_FUNCTION = YES;
				GCC_WARN_UNUSED_VARIABLE = YES;
				IPHONEOS_DEPLOYMENT_TARGET = 10.2;
				MTL_ENABLE_DEBUG_INFO = YES;
				ONLY_ACTIVE_ARCH = YES;
				SDKROOT = iphoneos;
				SWIFT_ACTIVE_COMPILATION_CONDITIONS = DEBUG;
				SWIFT_OPTIMIZATION_LEVEL = "-Onone";
			};
			name = Debug;
		};
		1F66F1BE1E0037DE007D6546 /* Release */ = {
			isa = XCBuildConfiguration;
			buildSettings = {
				ALWAYS_SEARCH_USER_PATHS = NO;
				CLANG_ANALYZER_NONNULL = YES;
				CLANG_CXX_LANGUAGE_STANDARD = "gnu++0x";
				CLANG_CXX_LIBRARY = "libc++";
				CLANG_ENABLE_MODULES = YES;
				CLANG_ENABLE_OBJC_ARC = YES;
				CLANG_WARN_BOOL_CONVERSION = YES;
				CLANG_WARN_CONSTANT_CONVERSION = YES;
				CLANG_WARN_DIRECT_OBJC_ISA_USAGE = YES_ERROR;
				CLANG_WARN_DOCUMENTATION_COMMENTS = YES;
				CLANG_WARN_EMPTY_BODY = YES;
				CLANG_WARN_ENUM_CONVERSION = YES;
				CLANG_WARN_INFINITE_RECURSION = YES;
				CLANG_WARN_INT_CONVERSION = YES;
				CLANG_WARN_OBJC_ROOT_CLASS = YES_ERROR;
				CLANG_WARN_SUSPICIOUS_MOVE = YES;
				CLANG_WARN_UNREACHABLE_CODE = YES;
				CLANG_WARN__DUPLICATE_METHOD_MATCH = YES;
				"CODE_SIGN_IDENTITY[sdk=iphoneos*]" = "iPhone Developer";
				COPY_PHASE_STRIP = NO;
				DEBUG_INFORMATION_FORMAT = "dwarf-with-dsym";
				ENABLE_NS_ASSERTIONS = NO;
				ENABLE_STRICT_OBJC_MSGSEND = YES;
				GCC_C_LANGUAGE_STANDARD = gnu99;
				GCC_NO_COMMON_BLOCKS = YES;
				GCC_WARN_64_TO_32_BIT_CONVERSION = YES;
				GCC_WARN_ABOUT_RETURN_TYPE = YES_ERROR;
				GCC_WARN_UNDECLARED_SELECTOR = YES;
				GCC_WARN_UNINITIALIZED_AUTOS = YES_AGGRESSIVE;
				GCC_WARN_UNUSED_FUNCTION = YES;
				GCC_WARN_UNUSED_VARIABLE = YES;
				IPHONEOS_DEPLOYMENT_TARGET = 10.2;
				MTL_ENABLE_DEBUG_INFO = NO;
				SDKROOT = iphoneos;
				SWIFT_OPTIMIZATION_LEVEL = "-Owholemodule";
				VALIDATE_PRODUCT = YES;
			};
			name = Release;
		};
		1F66F1C01E0037DE007D6546 /* Debug */ = {
			isa = XCBuildConfiguration;
			buildSettings = {
				ASSETCATALOG_COMPILER_APPICON_NAME = AppIcon;
				DEVELOPMENT_TEAM = 2379EAXEPK;
				INFOPLIST_FILE = Demo/Info.plist;
				IPHONEOS_DEPLOYMENT_TARGET = 10.0;
				LD_RUNPATH_SEARCH_PATHS = "$(inherited) @executable_path/Frameworks";
				PRODUCT_BUNDLE_IDENTIFIER = com.marcelvoss.Demo;
				PRODUCT_NAME = "$(TARGET_NAME)";
				SWIFT_VERSION = 3.0;
			};
			name = Debug;
		};
		1F66F1C11E0037DE007D6546 /* Release */ = {
			isa = XCBuildConfiguration;
			buildSettings = {
				ASSETCATALOG_COMPILER_APPICON_NAME = AppIcon;
				DEVELOPMENT_TEAM = 2379EAXEPK;
				INFOPLIST_FILE = Demo/Info.plist;
				IPHONEOS_DEPLOYMENT_TARGET = 10.0;
				LD_RUNPATH_SEARCH_PATHS = "$(inherited) @executable_path/Frameworks";
				PRODUCT_BUNDLE_IDENTIFIER = com.marcelvoss.Demo;
				PRODUCT_NAME = "$(TARGET_NAME)";
				SWIFT_VERSION = 3.0;
			};
			name = Release;
		};
/* End XCBuildConfiguration section */

/* Begin XCConfigurationList section */
		1F66F1AD1E0037DD007D6546 /* Build configuration list for PBXProject "Demo" */ = {
			isa = XCConfigurationList;
			buildConfigurations = (
				1F66F1BD1E0037DE007D6546 /* Debug */,
				1F66F1BE1E0037DE007D6546 /* Release */,
			);
			defaultConfigurationIsVisible = 0;
			defaultConfigurationName = Release;
		};
		1F66F1BF1E0037DE007D6546 /* Build configuration list for PBXNativeTarget "Demo" */ = {
			isa = XCConfigurationList;
			buildConfigurations = (
				1F66F1C01E0037DE007D6546 /* Debug */,
				1F66F1C11E0037DE007D6546 /* Release */,
			);
			defaultConfigurationIsVisible = 0;
			defaultConfigurationName = Release;
		};
/* End XCConfigurationList section */
	};
	rootObject = 1F66F1AA1E0037DD007D6546 /* Project object */;
}
